
Microsoft Visual Studio Solution File, Format Version 12.00
# Visual Studio Version 16
VisualStudioVersion = 16.0.29319.158
MinimumVisualStudioVersion = 10.0.40219.1
Project("{FAE04EC0-301F-11D3-BF4B-00C04F79EFBC}") = "ASPNETCoreDapperRLS", "ASPNETCoreDapperRLS.csproj", "{5A549639-EEA8-4B88-88D5-889C488E69BD}"
EndProject
Global
	GlobalSection(SolutionConfigurationPlatforms) = preSolution
		Debug|Any CPU = Debug|Any CPU
		Release|Any CPU = Release|Any CPU
	EndGlobalSection
	GlobalSection(ProjectConfigurationPlatforms) = postSolution
		{5A549639-EEA8-4B88-88D5-889C488E69BD}.Debug|Any CPU.ActiveCfg = Debug|Any CPU
		{5A549639-EEA8-4B88-88D5-889C488E69BD}.Debug|Any CPU.Build.0 = Debug|Any CPU
		{5A549639-EEA8-4B88-88D5-889C488E69BD}.Release|Any CPU.ActiveCfg = Release|Any CPU
		{5A549639-EEA8-4B88-88D5-889C488E69BD}.Release|Any CPU.Build.0 = Release|Any CPU
	EndGlobalSection
	GlobalSection(SolutionProperties) = preSolution
		HideSolutionNode = FALSE
	EndGlobalSection
	GlobalSection(ExtensibilityGlobals) = postSolution
		SolutionGuid = {DE42DB42-2CF5-4AE9-A2A8-E3283A2A0C94}
	EndGlobalSection
EndGlobal
